
Microsoft Visual Studio Solution File, Format Version 12.00
# Visual Studio Version 16
VisualStudioVersion = 16.0.31105.61
MinimumVisualStudioVersion = 10.0.40219.1
Project("{FAE04EC0-301F-11D3-BF4B-00C04F79EFBC}") = "lab-3", "lab-3.csproj", "{B79E51C4-7188-460B-A452-0976802735F6}"
EndProject
Global
	GlobalSection(SolutionConfigurationPlatforms) = preSolution
		Debug|Any CPU = Debug|Any CPU
		Release|Any CPU = Release|Any CPU
	EndGlobalSection
	GlobalSection(ProjectConfigurationPlatforms) = postSolution
		{B79E51C4-7188-460B-A452-0976802735F6}.Debug|Any CPU.ActiveCfg = Debug|Any CPU
		{B79E51C4-7188-460B-A452-0976802735F6}.Debug|Any CPU.Build.0 = Debug|Any CPU
		{B79E51C4-7188-460B-A452-0976802735F6}.Release|Any CPU.ActiveCfg = Release|Any CPU
		{B79E51C4-7188-460B-A452-0976802735F6}.Release|Any CPU.Build.0 = Release|Any CPU
	EndGlobalSection
	GlobalSection(SolutionProperties) = preSolution
		HideSolutionNode = FALSE
	EndGlobalSection
	GlobalSection(ExtensibilityGlobals) = postSolution
		SolutionGuid = {059CA6D5-3D73-4333-BB80-1412F7D6DA27}
	EndGlobalSection
EndGlobal
