
Microsoft Visual Studio Solution File, Format Version 12.00
# Visual Studio Version 16
VisualStudioVersion = 16.0.30611.23
MinimumVisualStudioVersion = 10.0.40219.1
Project("{8BC9CEB8-8B4A-11D0-8D11-00A0C91BC942}") = "lab-6", "lab-6.vcxproj", "{1F4990E1-C2B1-4616-B826-D82C97B7B988}"
EndProject
Global
	GlobalSection(SolutionConfigurationPlatforms) = preSolution
		Debug|x64 = Debug|x64
		Debug|x86 = Debug|x86
		Release|x64 = Release|x64
		Release|x86 = Release|x86
	EndGlobalSection
	GlobalSection(ProjectConfigurationPlatforms) = postSolution
		{1F4990E1-C2B1-4616-B826-D82C97B7B988}.Debug|x64.ActiveCfg = Debug|x64
		{1F4990E1-C2B1-4616-B826-D82C97B7B988}.Debug|x64.Build.0 = Debug|x64
		{1F4990E1-C2B1-4616-B826-D82C97B7B988}.Debug|x86.ActiveCfg = Debug|Win32
		{1F4990E1-C2B1-4616-B826-D82C97B7B988}.Debug|x86.Build.0 = Debug|Win32
		{1F4990E1-C2B1-4616-B826-D82C97B7B988}.Release|x64.ActiveCfg = Release|x64
		{1F4990E1-C2B1-4616-B826-D82C97B7B988}.Release|x64.Build.0 = Release|x64
		{1F4990E1-C2B1-4616-B826-D82C97B7B988}.Release|x86.ActiveCfg = Release|Win32
		{1F4990E1-C2B1-4616-B826-D82C97B7B988}.Release|x86.Build.0 = Release|Win32
	EndGlobalSection
	GlobalSection(SolutionProperties) = preSolution
		HideSolutionNode = FALSE
	EndGlobalSection
	GlobalSection(ExtensibilityGlobals) = postSolution
		SolutionGuid = {C0933FBF-3299-4AB8-B238-2283C1FB09D2}
	EndGlobalSection
EndGlobal
