
Microsoft Visual Studio Solution File, Format Version 12.00
# Visual Studio Version 16
VisualStudioVersion = 16.0.30611.23
MinimumVisualStudioVersion = 10.0.40219.1
Project("{8BC9CEB8-8B4A-11D0-8D11-00A0C91BC942}") = "cwiczenia-4", "cwiczenia-4.vcxproj", "{CCBB2196-A75C-48E8-91F3-BF0AD9FAE0D5}"
EndProject
Global
	GlobalSection(SolutionConfigurationPlatforms) = preSolution
		Debug|x64 = Debug|x64
		Debug|x86 = Debug|x86
		Release|x64 = Release|x64
		Release|x86 = Release|x86
	EndGlobalSection
	GlobalSection(ProjectConfigurationPlatforms) = postSolution
		{CCBB2196-A75C-48E8-91F3-BF0AD9FAE0D5}.Debug|x64.ActiveCfg = Debug|x64
		{CCBB2196-A75C-48E8-91F3-BF0AD9FAE0D5}.Debug|x64.Build.0 = Debug|x64
		{CCBB2196-A75C-48E8-91F3-BF0AD9FAE0D5}.Debug|x86.ActiveCfg = Debug|Win32
		{CCBB2196-A75C-48E8-91F3-BF0AD9FAE0D5}.Debug|x86.Build.0 = Debug|Win32
		{CCBB2196-A75C-48E8-91F3-BF0AD9FAE0D5}.Release|x64.ActiveCfg = Release|x64
		{CCBB2196-A75C-48E8-91F3-BF0AD9FAE0D5}.Release|x64.Build.0 = Release|x64
		{CCBB2196-A75C-48E8-91F3-BF0AD9FAE0D5}.Release|x86.ActiveCfg = Release|Win32
		{CCBB2196-A75C-48E8-91F3-BF0AD9FAE0D5}.Release|x86.Build.0 = Release|Win32
	EndGlobalSection
	GlobalSection(SolutionProperties) = preSolution
		HideSolutionNode = FALSE
	EndGlobalSection
	GlobalSection(ExtensibilityGlobals) = postSolution
		SolutionGuid = {D1CCC415-6B8A-455E-A2FF-485B2650E8DC}
	EndGlobalSection
EndGlobal
