
Microsoft Visual Studio Solution File, Format Version 12.00
# Visual Studio Version 16
VisualStudioVersion = 16.0.30611.23
MinimumVisualStudioVersion = 10.0.40219.1
Project("{8BC9CEB8-8B4A-11D0-8D11-00A0C91BC942}") = "cwiczenia-9", "cwiczenia-9.vcxproj", "{7ADDDAA3-AC97-4C11-84D5-AFDA90E33694}"
EndProject
Global
	GlobalSection(SolutionConfigurationPlatforms) = preSolution
		Debug|x64 = Debug|x64
		Debug|x86 = Debug|x86
		Release|x64 = Release|x64
		Release|x86 = Release|x86
	EndGlobalSection
	GlobalSection(ProjectConfigurationPlatforms) = postSolution
		{7ADDDAA3-AC97-4C11-84D5-AFDA90E33694}.Debug|x64.ActiveCfg = Debug|x64
		{7ADDDAA3-AC97-4C11-84D5-AFDA90E33694}.Debug|x64.Build.0 = Debug|x64
		{7ADDDAA3-AC97-4C11-84D5-AFDA90E33694}.Debug|x86.ActiveCfg = Debug|Win32
		{7ADDDAA3-AC97-4C11-84D5-AFDA90E33694}.Debug|x86.Build.0 = Debug|Win32
		{7ADDDAA3-AC97-4C11-84D5-AFDA90E33694}.Release|x64.ActiveCfg = Release|x64
		{7ADDDAA3-AC97-4C11-84D5-AFDA90E33694}.Release|x64.Build.0 = Release|x64
		{7ADDDAA3-AC97-4C11-84D5-AFDA90E33694}.Release|x86.ActiveCfg = Release|Win32
		{7ADDDAA3-AC97-4C11-84D5-AFDA90E33694}.Release|x86.Build.0 = Release|Win32
	EndGlobalSection
	GlobalSection(SolutionProperties) = preSolution
		HideSolutionNode = FALSE
	EndGlobalSection
	GlobalSection(ExtensibilityGlobals) = postSolution
		SolutionGuid = {D2BCCADE-90E3-499F-A01D-6D180DD4C810}
	EndGlobalSection
EndGlobal
