
Microsoft Visual Studio Solution File, Format Version 12.00
# Visual Studio Version 16
VisualStudioVersion = 16.0.30611.23
MinimumVisualStudioVersion = 10.0.40219.1
Project("{8BC9CEB8-8B4A-11D0-8D11-00A0C91BC942}") = "cwiczenia-2", "cwiczenia-2.vcxproj", "{EF90CB56-96B1-4CEC-ABBE-EEF2ECB7C748}"
EndProject
Global
	GlobalSection(SolutionConfigurationPlatforms) = preSolution
		Debug|x64 = Debug|x64
		Debug|x86 = Debug|x86
		Release|x64 = Release|x64
		Release|x86 = Release|x86
	EndGlobalSection
	GlobalSection(ProjectConfigurationPlatforms) = postSolution
		{EF90CB56-96B1-4CEC-ABBE-EEF2ECB7C748}.Debug|x64.ActiveCfg = Debug|x64
		{EF90CB56-96B1-4CEC-ABBE-EEF2ECB7C748}.Debug|x64.Build.0 = Debug|x64
		{EF90CB56-96B1-4CEC-ABBE-EEF2ECB7C748}.Debug|x86.ActiveCfg = Debug|Win32
		{EF90CB56-96B1-4CEC-ABBE-EEF2ECB7C748}.Debug|x86.Build.0 = Debug|Win32
		{EF90CB56-96B1-4CEC-ABBE-EEF2ECB7C748}.Release|x64.ActiveCfg = Release|x64
		{EF90CB56-96B1-4CEC-ABBE-EEF2ECB7C748}.Release|x64.Build.0 = Release|x64
		{EF90CB56-96B1-4CEC-ABBE-EEF2ECB7C748}.Release|x86.ActiveCfg = Release|Win32
		{EF90CB56-96B1-4CEC-ABBE-EEF2ECB7C748}.Release|x86.Build.0 = Release|Win32
	EndGlobalSection
	GlobalSection(SolutionProperties) = preSolution
		HideSolutionNode = FALSE
	EndGlobalSection
	GlobalSection(ExtensibilityGlobals) = postSolution
		SolutionGuid = {FB276FC2-4D77-4E2D-AE23-FF6E3D25B503}
	EndGlobalSection
EndGlobal
