
Microsoft Visual Studio Solution File, Format Version 12.00
# Visual Studio Version 16
VisualStudioVersion = 16.0.31105.61
MinimumVisualStudioVersion = 10.0.40219.1
Project("{FAE04EC0-301F-11D3-BF4B-00C04F79EFBC}") = "lab-2-1", "lab-2-1.csproj", "{E57AA07A-C2EC-4B19-A0F5-17FE0A7E57E2}"
EndProject
Global
	GlobalSection(SolutionConfigurationPlatforms) = preSolution
		Debug|Any CPU = Debug|Any CPU
		Release|Any CPU = Release|Any CPU
	EndGlobalSection
	GlobalSection(ProjectConfigurationPlatforms) = postSolution
		{E57AA07A-C2EC-4B19-A0F5-17FE0A7E57E2}.Debug|Any CPU.ActiveCfg = Debug|Any CPU
		{E57AA07A-C2EC-4B19-A0F5-17FE0A7E57E2}.Debug|Any CPU.Build.0 = Debug|Any CPU
		{E57AA07A-C2EC-4B19-A0F5-17FE0A7E57E2}.Release|Any CPU.ActiveCfg = Release|Any CPU
		{E57AA07A-C2EC-4B19-A0F5-17FE0A7E57E2}.Release|Any CPU.Build.0 = Release|Any CPU
	EndGlobalSection
	GlobalSection(SolutionProperties) = preSolution
		HideSolutionNode = FALSE
	EndGlobalSection
	GlobalSection(ExtensibilityGlobals) = postSolution
		SolutionGuid = {86AE73B5-08CF-4AFF-B09E-A85414E20DF4}
	EndGlobalSection
EndGlobal
